{
  "version": 4,
  "terraform_version": "0.12.6",
  "serial": 21,
  "lineage": "b548b250-5d8f-8985-6c16-c687735127e5",
  "outputs": {},
  "resources": [
    {
      "mode": "managed",
      "type": "google_compute_firewall",
      "name": "default",
      "provider": "provider.google",
      "instances": [
        {
          "schema_version": 1,
          "attributes": {
            "allow": [
              {
                "ports": [
                  "22",
                  "8080",
                  "4200",
                  "80",
                  "5432"
                ],
                "protocol": "tcp"
              },
              {
                "ports": [],
                "protocol": "icmp"
              }
            ],
            "creation_timestamp": "2019-08-06T05:59:19.476-07:00",
            "deny": [],
            "description": "",
            "destination_ranges": [],
            "direction": "INGRESS",
            "disabled": false,
            "id": "default-firewall",
            "name": "default-firewall",
            "network": "https://www.googleapis.com/compute/v1/projects/fair-melody-246109/global/networks/default",
            "priority": 1000,
            "project": "fair-melody-246109",
            "self_link": "https://www.googleapis.com/compute/v1/projects/fair-melody-246109/global/firewalls/default-firewall",
            "source_ranges": [
              "0.0.0.0/0"
            ],
            "source_service_accounts": null,
            "source_tags": null,
            "target_service_accounts": null,
            "target_tags": [
              "default"
            ],
            "timeouts": null
          },
          "private": "eyJlMmJmYjczMC1lY2FhLTExZTYtOGY4OC0zNDM2M2JjN2M0YzAiOnsiY3JlYXRlIjoyNDAwMDAwMDAwMDAsImRlbGV0ZSI6MjQwMDAwMDAwMDAwLCJ1cGRhdGUiOjI0MDAwMDAwMDAwMH0sInNjaGVtYV92ZXJzaW9uIjoiMSJ9"
        }
      ]
    },
    {
      "mode": "managed",
      "type": "google_compute_instance",
      "name": "api",
      "provider": "provider.google",
      "instances": [
        {
          "schema_version": 6,
          "attributes": {
            "allow_stopping_for_update": null,
            "attached_disk": [],
            "boot_disk": [
              {
                "auto_delete": true,
                "device_name": "persistent-disk-0",
                "disk_encryption_key_raw": "",
                "disk_encryption_key_sha256": "",
                "initialize_params": [
                  {
                    "image": "https://www.googleapis.com/compute/v1/projects/ubuntu-os-cloud/global/images/ubuntu-1804-bionic-v20190628",
                    "labels": {},
                    "size": 10,
                    "type": "pd-standard"
                  }
                ],
                "kms_key_self_link": "",
                "source": "https://www.googleapis.com/compute/v1/projects/fair-melody-246109/zones/europe-west2-c/disks/default-api"
              }
            ],
            "can_ip_forward": false,
            "cpu_platform": "Intel Broadwell",
            "deletion_protection": false,
            "description": null,
            "disk": [],
            "guest_accelerator": [],
            "hostname": "",
            "id": "default-api",
            "instance_id": "5171703190003173191",
            "label_fingerprint": "42WmSpB8rSM=",
            "labels": null,
            "machine_type": "f1-micro",
            "metadata": {
              "sshKeys": "terraform:ssh-rsa AAAAB3NzaC1yc2EAAAADAQABAAABAQDLhdgdtRHSlWbH5Uf1KVl/ezB3B9iL5R+93MueV0TxapHjQIaefemzII2ctj+lNgYrkkZKsZcx/hFRBi/S9EvYNM7sd8WUIm0I+SVG8BTDt6B01QnF39iQ4bQz00JetT67EHHWitBrCTl5TV3hSkNpVM681irJNDghxHicljdgwRTdKsRWJKnWh5CtlydAe2mkRpbodpuBOShShY0l/uAQY3mSENSYTkzxPfoWeVLFFqNwcXSNOy55XAKtEwCLT5cvfDG6bagDvkOBrWkILLeE1eW/QRFEO9/+2+vtIPoZASKM/4aKR5JdjjJ6ey91RoUlQkOiEsnGD1d1qUaQX999 vagrant@qa-project\n"
            },
            "metadata_fingerprint": "4WfMDUK-mwM=",
            "metadata_startup_script": "",
            "min_cpu_platform": "",
            "name": "default-api",
            "network_interface": [
              {
                "access_config": [
                  {
                    "assigned_nat_ip": "",
                    "nat_ip": "35.230.132.73",
                    "network_tier": "PREMIUM",
                    "public_ptr_domain_name": ""
                  }
                ],
                "address": "",
                "alias_ip_range": [],
                "name": "nic0",
                "network": "https://www.googleapis.com/compute/v1/projects/fair-melody-246109/global/networks/default",
                "network_ip": "10.154.15.234",
                "subnetwork": "https://www.googleapis.com/compute/v1/projects/fair-melody-246109/regions/europe-west2/subnetworks/default",
                "subnetwork_project": "fair-melody-246109"
              }
            ],
            "project": "fair-melody-246109",
            "scheduling": [
              {
                "automatic_restart": true,
                "node_affinities": [],
                "on_host_maintenance": "MIGRATE",
                "preemptible": false
              }
            ],
            "scratch_disk": [],
            "self_link": "https://www.googleapis.com/compute/v1/projects/fair-melody-246109/zones/europe-west2-c/instances/default-api",
            "service_account": [],
            "shielded_instance_config": [],
            "tags": [
              "default-api"
            ],
            "tags_fingerprint": "FFLnF_iCDpc=",
            "timeouts": null,
            "zone": "europe-west2-c"
          },
          "private": "eyJlMmJmYjczMC1lY2FhLTExZTYtOGY4OC0zNDM2M2JjN2M0YzAiOnsiY3JlYXRlIjoxMjAwMDAwMDAwMDAwLCJkZWxldGUiOjEyMDAwMDAwMDAwMDAsInVwZGF0ZSI6MTIwMDAwMDAwMDAwMH0sInNjaGVtYV92ZXJzaW9uIjoiNiJ9"
        }
      ]
    },
    {
      "mode": "managed",
      "type": "google_compute_instance",
      "name": "database",
      "provider": "provider.google",
      "instances": [
        {
          "schema_version": 6,
          "attributes": {
            "allow_stopping_for_update": null,
            "attached_disk": [],
            "boot_disk": [
              {
                "auto_delete": true,
                "device_name": "persistent-disk-0",
                "disk_encryption_key_raw": "",
                "disk_encryption_key_sha256": "",
                "initialize_params": [
                  {
                    "image": "https://www.googleapis.com/compute/v1/projects/ubuntu-os-cloud/global/images/ubuntu-1804-bionic-v20190628",
                    "labels": {},
                    "size": 10,
                    "type": "pd-standard"
                  }
                ],
                "kms_key_self_link": "",
                "source": "https://www.googleapis.com/compute/v1/projects/fair-melody-246109/zones/europe-west2-c/disks/default-database"
              }
            ],
            "can_ip_forward": false,
            "cpu_platform": "Intel Broadwell",
            "deletion_protection": false,
            "description": null,
            "disk": [],
            "guest_accelerator": [],
            "hostname": "",
            "id": "default-database",
            "instance_id": "8395369985838729031",
            "label_fingerprint": "42WmSpB8rSM=",
            "labels": null,
            "machine_type": "f1-micro",
            "metadata": {
              "sshKeys": "terraform:ssh-rsa AAAAB3NzaC1yc2EAAAADAQABAAABAQDLhdgdtRHSlWbH5Uf1KVl/ezB3B9iL5R+93MueV0TxapHjQIaefemzII2ctj+lNgYrkkZKsZcx/hFRBi/S9EvYNM7sd8WUIm0I+SVG8BTDt6B01QnF39iQ4bQz00JetT67EHHWitBrCTl5TV3hSkNpVM681irJNDghxHicljdgwRTdKsRWJKnWh5CtlydAe2mkRpbodpuBOShShY0l/uAQY3mSENSYTkzxPfoWeVLFFqNwcXSNOy55XAKtEwCLT5cvfDG6bagDvkOBrWkILLeE1eW/QRFEO9/+2+vtIPoZASKM/4aKR5JdjjJ6ey91RoUlQkOiEsnGD1d1qUaQX999 vagrant@qa-project\n"
            },
            "metadata_fingerprint": "4WfMDUK-mwM=",
            "metadata_startup_script": "",
            "min_cpu_platform": "",
            "name": "default-database",
            "network_interface": [
              {
                "access_config": [
                  {
                    "assigned_nat_ip": "",
                    "nat_ip": "35.246.58.184",
                    "network_tier": "PREMIUM",
                    "public_ptr_domain_name": ""
                  }
                ],
                "address": "",
                "alias_ip_range": [],
                "name": "nic0",
                "network": "https://www.googleapis.com/compute/v1/projects/fair-melody-246109/global/networks/default",
                "network_ip": "10.154.0.32",
                "subnetwork": "https://www.googleapis.com/compute/v1/projects/fair-melody-246109/regions/europe-west2/subnetworks/default",
                "subnetwork_project": "fair-melody-246109"
              }
            ],
            "project": "fair-melody-246109",
            "scheduling": [
              {
                "automatic_restart": true,
                "node_affinities": [],
                "on_host_maintenance": "MIGRATE",
                "preemptible": false
              }
            ],
            "scratch_disk": [],
            "self_link": "https://www.googleapis.com/compute/v1/projects/fair-melody-246109/zones/europe-west2-c/instances/default-database",
            "service_account": [],
            "shielded_instance_config": [],
            "tags": [
              "default-database"
            ],
            "tags_fingerprint": "obMgUR_Zdmc=",
            "timeouts": null,
            "zone": "europe-west2-c"
          },
          "private": "eyJlMmJmYjczMC1lY2FhLTExZTYtOGY4OC0zNDM2M2JjN2M0YzAiOnsiY3JlYXRlIjoxMjAwMDAwMDAwMDAwLCJkZWxldGUiOjEyMDAwMDAwMDAwMDAsInVwZGF0ZSI6MTIwMDAwMDAwMDAwMH0sInNjaGVtYV92ZXJzaW9uIjoiNiJ9"
        }
      ]
    },
    {
      "mode": "managed",
      "type": "google_compute_instance",
      "name": "frontend",
      "provider": "provider.google",
      "instances": [
        {
          "schema_version": 6,
          "attributes": {
            "allow_stopping_for_update": null,
            "attached_disk": [],
            "boot_disk": [
              {
                "auto_delete": true,
                "device_name": "persistent-disk-0",
                "disk_encryption_key_raw": "",
                "disk_encryption_key_sha256": "",
                "initialize_params": [
                  {
                    "image": "https://www.googleapis.com/compute/v1/projects/ubuntu-os-cloud/global/images/ubuntu-1804-bionic-v20190628",
                    "labels": {},
                    "size": 10,
                    "type": "pd-standard"
                  }
                ],
                "kms_key_self_link": "",
                "source": "https://www.googleapis.com/compute/v1/projects/fair-melody-246109/zones/europe-west2-c/disks/default-frontend"
              }
            ],
            "can_ip_forward": false,
            "cpu_platform": "Intel Broadwell",
            "deletion_protection": false,
            "description": null,
            "disk": [],
            "guest_accelerator": [],
            "hostname": "",
            "id": "default-frontend",
            "instance_id": "3473792636666824519",
            "label_fingerprint": "42WmSpB8rSM=",
            "labels": null,
            "machine_type": "f1-micro",
            "metadata": {
              "sshKeys": "terraform:ssh-rsa AAAAB3NzaC1yc2EAAAADAQABAAABAQDLhdgdtRHSlWbH5Uf1KVl/ezB3B9iL5R+93MueV0TxapHjQIaefemzII2ctj+lNgYrkkZKsZcx/hFRBi/S9EvYNM7sd8WUIm0I+SVG8BTDt6B01QnF39iQ4bQz00JetT67EHHWitBrCTl5TV3hSkNpVM681irJNDghxHicljdgwRTdKsRWJKnWh5CtlydAe2mkRpbodpuBOShShY0l/uAQY3mSENSYTkzxPfoWeVLFFqNwcXSNOy55XAKtEwCLT5cvfDG6bagDvkOBrWkILLeE1eW/QRFEO9/+2+vtIPoZASKM/4aKR5JdjjJ6ey91RoUlQkOiEsnGD1d1qUaQX999 vagrant@qa-project\n"
            },
            "metadata_fingerprint": "4WfMDUK-mwM=",
            "metadata_startup_script": "",
            "min_cpu_platform": "",
            "name": "default-frontend",
            "network_interface": [
              {
                "access_config": [
                  {
                    "assigned_nat_ip": "",
                    "nat_ip": "35.189.116.21",
                    "network_tier": "PREMIUM",
                    "public_ptr_domain_name": ""
                  }
                ],
                "address": "",
                "alias_ip_range": [],
                "name": "nic0",
                "network": "https://www.googleapis.com/compute/v1/projects/fair-melody-246109/global/networks/default",
                "network_ip": "10.154.0.33",
                "subnetwork": "https://www.googleapis.com/compute/v1/projects/fair-melody-246109/regions/europe-west2/subnetworks/default",
                "subnetwork_project": "fair-melody-246109"
              }
            ],
            "project": "fair-melody-246109",
            "scheduling": [
              {
                "automatic_restart": true,
                "node_affinities": [],
                "on_host_maintenance": "MIGRATE",
                "preemptible": false
              }
            ],
            "scratch_disk": [],
            "self_link": "https://www.googleapis.com/compute/v1/projects/fair-melody-246109/zones/europe-west2-c/instances/default-frontend",
            "service_account": [],
            "shielded_instance_config": [],
            "tags": [
              "default-frontend"
            ],
            "tags_fingerprint": "wXrbdXIUKlg=",
            "timeouts": null,
            "zone": "europe-west2-c"
          },
          "private": "eyJlMmJmYjczMC1lY2FhLTExZTYtOGY4OC0zNDM2M2JjN2M0YzAiOnsiY3JlYXRlIjoxMjAwMDAwMDAwMDAwLCJkZWxldGUiOjEyMDAwMDAwMDAwMDAsInVwZGF0ZSI6MTIwMDAwMDAwMDAwMH0sInNjaGVtYV92ZXJzaW9uIjoiNiJ9"
        }
      ]
    }
  ]
}
